
Microsoft Visual Studio Solution File, Format Version 12.00
# Visual Studio 15
VisualStudioVersion = 15.0.27703.2042
MinimumVisualStudioVersion = 10.0.40219.1
Project("{FAE04EC0-301F-11D3-BF4B-00C04F79EFBC}") = "HarfaCantari.Android", "HarfaCantari\HarfaCantari.Android\HarfaCantari.Android.csproj", "{E468E459-D90E-4F97-AC73-462034123C31}"
EndProject
Project("{FAE04EC0-301F-11D3-BF4B-00C04F79EFBC}") = "HarfaCantari.iOS", "HarfaCantari\HarfaCantari.iOS\HarfaCantari.iOS.csproj", "{770BD49D-A006-4CE9-BD35-8301C7EC7DB5}"
EndProject
Project("{FAE04EC0-301F-11D3-BF4B-00C04F79EFBC}") = "HarfaCantari.UWP", "HarfaCantari\HarfaCantari.UWP\HarfaCantari.UWP.csproj", "{90F98303-F7E7-4CA7-98D2-DC8CA260C53A}"
EndProject
Project("{D954291E-2A0B-460D-934E-DC6B0785DB48}") = "HarfaCantari", "HarfaCantari\HarfaCantari\HarfaCantari.shproj", "{EE3F5B27-0754-443B-8C40-6295D9F90226}"
EndProject
Project("{FAE04EC0-301F-11D3-BF4B-00C04F79EFBC}") = "HarfaCantari.BazaDate.Standard", "HarfaCantari.BazaDate.Standard\HarfaCantari.BazaDate.Standard.csproj", "{D3FAA292-E6CA-4C67-9B09-916D5DA7C65E}"
EndProject
Project("{FAE04EC0-301F-11D3-BF4B-00C04F79EFBC}") = "HarfaCantari.BazaDate.Modele.Standard", "HarfaCantari.BazaDate.Modele.Standard\HarfaCantari.BazaDate.Modele.Standard.csproj", "{545F1208-CA09-4D2E-8798-CB5B11FBD057}"
EndProject
Global
	GlobalSection(SharedMSBuildProjectFiles) = preSolution
		HarfaCantari\HarfaCantari\HarfaCantari.projitems*{770bd49d-a006-4ce9-bd35-8301c7ec7db5}*SharedItemsImports = 4
		HarfaCantari\HarfaCantari\HarfaCantari.projitems*{90f98303-f7e7-4ca7-98d2-dc8ca260c53a}*SharedItemsImports = 4
		HarfaCantari\HarfaCantari\HarfaCantari.projitems*{e468e459-d90e-4f97-ac73-462034123c31}*SharedItemsImports = 4
		HarfaCantari\HarfaCantari\HarfaCantari.projitems*{ee3f5b27-0754-443b-8c40-6295d9f90226}*SharedItemsImports = 13
	EndGlobalSection
	GlobalSection(SolutionConfigurationPlatforms) = preSolution
		Debug|Any CPU = Debug|Any CPU
		Debug|ARM = Debug|ARM
		Debug|iPhone = Debug|iPhone
		Debug|iPhoneSimulator = Debug|iPhoneSimulator
		Debug|x64 = Debug|x64
		Debug|x86 = Debug|x86
		Release|Any CPU = Release|Any CPU
		Release|ARM = Release|ARM
		Release|iPhone = Release|iPhone
		Release|iPhoneSimulator = Release|iPhoneSimulator
		Release|x64 = Release|x64
		Release|x86 = Release|x86
	EndGlobalSection
	GlobalSection(ProjectConfigurationPlatforms) = postSolution
		{E468E459-D90E-4F97-AC73-462034123C31}.Debug|Any CPU.ActiveCfg = Debug|Any CPU
		{E468E459-D90E-4F97-AC73-462034123C31}.Debug|Any CPU.Build.0 = Debug|Any CPU
		{E468E459-D90E-4F97-AC73-462034123C31}.Debug|Any CPU.Deploy.0 = Debug|Any CPU
		{E468E459-D90E-4F97-AC73-462034123C31}.Debug|ARM.ActiveCfg = Debug|Any CPU
		{E468E459-D90E-4F97-AC73-462034123C31}.Debug|ARM.Build.0 = Debug|Any CPU
		{E468E459-D90E-4F97-AC73-462034123C31}.Debug|ARM.Deploy.0 = Debug|Any CPU
		{E468E459-D90E-4F97-AC73-462034123C31}.Debug|iPhone.ActiveCfg = Debug|Any CPU
		{E468E459-D90E-4F97-AC73-462034123C31}.Debug|iPhone.Build.0 = Debug|Any CPU
		{E468E459-D90E-4F97-AC73-462034123C31}.Debug|iPhone.Deploy.0 = Debug|Any CPU
		{E468E459-D90E-4F97-AC73-462034123C31}.Debug|iPhoneSimulator.ActiveCfg = Debug|Any CPU
		{E468E459-D90E-4F97-AC73-462034123C31}.Debug|iPhoneSimulator.Build.0 = Debug|Any CPU
		{E468E459-D90E-4F97-AC73-462034123C31}.Debug|iPhoneSimulator.Deploy.0 = Debug|Any CPU
		{E468E459-D90E-4F97-AC73-462034123C31}.Debug|x64.ActiveCfg = Debug|Any CPU
		{E468E459-D90E-4F97-AC73-462034123C31}.Debug|x64.Build.0 = Debug|Any CPU
		{E468E459-D90E-4F97-AC73-462034123C31}.Debug|x64.Deploy.0 = Debug|Any CPU
		{E468E459-D90E-4F97-AC73-462034123C31}.Debug|x86.ActiveCfg = Debug|Any CPU
		{E468E459-D90E-4F97-AC73-462034123C31}.Debug|x86.Build.0 = Debug|Any CPU
		{E468E459-D90E-4F97-AC73-462034123C31}.Debug|x86.Deploy.0 = Debug|Any CPU
		{E468E459-D90E-4F97-AC73-462034123C31}.Release|Any CPU.ActiveCfg = Release|Any CPU
		{E468E459-D90E-4F97-AC73-462034123C31}.Release|Any CPU.Build.0 = Release|Any CPU
		{E468E459-D90E-4F97-AC73-462034123C31}.Release|Any CPU.Deploy.0 = Release|Any CPU
		{E468E459-D90E-4F97-AC73-462034123C31}.Release|ARM.ActiveCfg = Release|Any CPU
		{E468E459-D90E-4F97-AC73-462034123C31}.Release|ARM.Build.0 = Release|Any CPU
		{E468E459-D90E-4F97-AC73-462034123C31}.Release|ARM.Deploy.0 = Release|Any CPU
		{E468E459-D90E-4F97-AC73-462034123C31}.Release|iPhone.ActiveCfg = Release|Any CPU
		{E468E459-D90E-4F97-AC73-462034123C31}.Release|iPhone.Build.0 = Release|Any CPU
		{E468E459-D90E-4F97-AC73-462034123C31}.Release|iPhone.Deploy.0 = Release|Any CPU
		{E468E459-D90E-4F97-AC73-462034123C31}.Release|iPhoneSimulator.ActiveCfg = Release|Any CPU
		{E468E459-D90E-4F97-AC73-462034123C31}.Release|iPhoneSimulator.Build.0 = Release|Any CPU
		{E468E459-D90E-4F97-AC73-462034123C31}.Release|iPhoneSimulator.Deploy.0 = Release|Any CPU
		{E468E459-D90E-4F97-AC73-462034123C31}.Release|x64.ActiveCfg = Release|Any CPU
		{E468E459-D90E-4F97-AC73-462034123C31}.Release|x64.Build.0 = Release|Any CPU
		{E468E459-D90E-4F97-AC73-462034123C31}.Release|x64.Deploy.0 = Release|Any CPU
		{E468E459-D90E-4F97-AC73-462034123C31}.Release|x86.ActiveCfg = Release|Any CPU
		{E468E459-D90E-4F97-AC73-462034123C31}.Release|x86.Build.0 = Release|Any CPU
		{E468E459-D90E-4F97-AC73-462034123C31}.Release|x86.Deploy.0 = Release|Any CPU
		{770BD49D-A006-4CE9-BD35-8301C7EC7DB5}.Debug|Any CPU.ActiveCfg = Debug|iPhoneSimulator
		{770BD49D-A006-4CE9-BD35-8301C7EC7DB5}.Debug|Any CPU.Build.0 = Debug|iPhoneSimulator
		{770BD49D-A006-4CE9-BD35-8301C7EC7DB5}.Debug|Any CPU.Deploy.0 = Debug|iPhoneSimulator
		{770BD49D-A006-4CE9-BD35-8301C7EC7DB5}.Debug|ARM.ActiveCfg = Debug|iPhone
		{770BD49D-A006-4CE9-BD35-8301C7EC7DB5}.Debug|ARM.Build.0 = Debug|iPhone
		{770BD49D-A006-4CE9-BD35-8301C7EC7DB5}.Debug|ARM.Deploy.0 = Debug|iPhone
		{770BD49D-A006-4CE9-BD35-8301C7EC7DB5}.Debug|iPhone.ActiveCfg = Debug|iPhone
		{770BD49D-A006-4CE9-BD35-8301C7EC7DB5}.Debug|iPhone.Build.0 = Debug|iPhone
		{770BD49D-A006-4CE9-BD35-8301C7EC7DB5}.Debug|iPhone.Deploy.0 = Debug|iPhone
		{770BD49D-A006-4CE9-BD35-8301C7EC7DB5}.Debug|iPhoneSimulator.ActiveCfg = Debug|iPhoneSimulator
		{770BD49D-A006-4CE9-BD35-8301C7EC7DB5}.Debug|iPhoneSimulator.Build.0 = Debug|iPhoneSimulator
		{770BD49D-A006-4CE9-BD35-8301C7EC7DB5}.Debug|iPhoneSimulator.Deploy.0 = Debug|iPhoneSimulator
		{770BD49D-A006-4CE9-BD35-8301C7EC7DB5}.Debug|x64.ActiveCfg = Debug|iPhone
		{770BD49D-A006-4CE9-BD35-8301C7EC7DB5}.Debug|x64.Build.0 = Debug|iPhone
		{770BD49D-A006-4CE9-BD35-8301C7EC7DB5}.Debug|x64.Deploy.0 = Debug|iPhone
		{770BD49D-A006-4CE9-BD35-8301C7EC7DB5}.Debug|x86.ActiveCfg = Debug|iPhone
		{770BD49D-A006-4CE9-BD35-8301C7EC7DB5}.Debug|x86.Build.0 = Debug|iPhone
		{770BD49D-A006-4CE9-BD35-8301C7EC7DB5}.Debug|x86.Deploy.0 = Debug|iPhone
		{770BD49D-A006-4CE9-BD35-8301C7EC7DB5}.Release|Any CPU.ActiveCfg = Release|iPhone
		{770BD49D-A006-4CE9-BD35-8301C7EC7DB5}.Release|Any CPU.Build.0 = Release|iPhone
		{770BD49D-A006-4CE9-BD35-8301C7EC7DB5}.Release|Any CPU.Deploy.0 = Release|iPhone
		{770BD49D-A006-4CE9-BD35-8301C7EC7DB5}.Release|ARM.ActiveCfg = Release|iPhone
		{770BD49D-A006-4CE9-BD35-8301C7EC7DB5}.Release|ARM.Build.0 = Release|iPhone
		{770BD49D-A006-4CE9-BD35-8301C7EC7DB5}.Release|ARM.Deploy.0 = Release|iPhone
		{770BD49D-A006-4CE9-BD35-8301C7EC7DB5}.Release|iPhone.ActiveCfg = Release|iPhone
		{770BD49D-A006-4CE9-BD35-8301C7EC7DB5}.Release|iPhone.Build.0 = Release|iPhone
		{770BD49D-A006-4CE9-BD35-8301C7EC7DB5}.Release|iPhone.Deploy.0 = Release|iPhone
		{770BD49D-A006-4CE9-BD35-8301C7EC7DB5}.Release|iPhoneSimulator.ActiveCfg = Release|iPhoneSimulator
		{770BD49D-A006-4CE9-BD35-8301C7EC7DB5}.Release|iPhoneSimulator.Build.0 = Release|iPhoneSimulator
		{770BD49D-A006-4CE9-BD35-8301C7EC7DB5}.Release|iPhoneSimulator.Deploy.0 = Release|iPhoneSimulator
		{770BD49D-A006-4CE9-BD35-8301C7EC7DB5}.Release|x64.ActiveCfg = Release|iPhone
		{770BD49D-A006-4CE9-BD35-8301C7EC7DB5}.Release|x64.Build.0 = Release|iPhone
		{770BD49D-A006-4CE9-BD35-8301C7EC7DB5}.Release|x64.Deploy.0 = Release|iPhone
		{770BD49D-A006-4CE9-BD35-8301C7EC7DB5}.Release|x86.ActiveCfg = Release|iPhone
		{770BD49D-A006-4CE9-BD35-8301C7EC7DB5}.Release|x86.Build.0 = Release|iPhone
		{770BD49D-A006-4CE9-BD35-8301C7EC7DB5}.Release|x86.Deploy.0 = Release|iPhone
		{90F98303-F7E7-4CA7-98D2-DC8CA260C53A}.Debug|Any CPU.ActiveCfg = Debug|x86
		{90F98303-F7E7-4CA7-98D2-DC8CA260C53A}.Debug|Any CPU.Build.0 = Debug|x86
		{90F98303-F7E7-4CA7-98D2-DC8CA260C53A}.Debug|Any CPU.Deploy.0 = Debug|x86
		{90F98303-F7E7-4CA7-98D2-DC8CA260C53A}.Debug|ARM.ActiveCfg = Debug|ARM
		{90F98303-F7E7-4CA7-98D2-DC8CA260C53A}.Debug|ARM.Build.0 = Debug|ARM
		{90F98303-F7E7-4CA7-98D2-DC8CA260C53A}.Debug|ARM.Deploy.0 = Debug|ARM
		{90F98303-F7E7-4CA7-98D2-DC8CA260C53A}.Debug|iPhone.ActiveCfg = Debug|x86
		{90F98303-F7E7-4CA7-98D2-DC8CA260C53A}.Debug|iPhone.Build.0 = Debug|x86
		{90F98303-F7E7-4CA7-98D2-DC8CA260C53A}.Debug|iPhone.Deploy.0 = Debug|x86
		{90F98303-F7E7-4CA7-98D2-DC8CA260C53A}.Debug|iPhoneSimulator.ActiveCfg = Debug|x86
		{90F98303-F7E7-4CA7-98D2-DC8CA260C53A}.Debug|iPhoneSimulator.Build.0 = Debug|x86
		{90F98303-F7E7-4CA7-98D2-DC8CA260C53A}.Debug|iPhoneSimulator.Deploy.0 = Debug|x86
		{90F98303-F7E7-4CA7-98D2-DC8CA260C53A}.Debug|x64.ActiveCfg = Debug|x64
		{90F98303-F7E7-4CA7-98D2-DC8CA260C53A}.Debug|x64.Build.0 = Debug|x64
		{90F98303-F7E7-4CA7-98D2-DC8CA260C53A}.Debug|x64.Deploy.0 = Debug|x64
		{90F98303-F7E7-4CA7-98D2-DC8CA260C53A}.Debug|x86.ActiveCfg = Debug|x86
		{90F98303-F7E7-4CA7-98D2-DC8CA260C53A}.Debug|x86.Build.0 = Debug|x86
		{90F98303-F7E7-4CA7-98D2-DC8CA260C53A}.Debug|x86.Deploy.0 = Debug|x86
		{90F98303-F7E7-4CA7-98D2-DC8CA260C53A}.Release|Any CPU.ActiveCfg = Release|x86
		{90F98303-F7E7-4CA7-98D2-DC8CA260C53A}.Release|Any CPU.Build.0 = Release|x86
		{90F98303-F7E7-4CA7-98D2-DC8CA260C53A}.Release|Any CPU.Deploy.0 = Release|x86
		{90F98303-F7E7-4CA7-98D2-DC8CA260C53A}.Release|ARM.ActiveCfg = Release|ARM
		{90F98303-F7E7-4CA7-98D2-DC8CA260C53A}.Release|ARM.Build.0 = Release|ARM
		{90F98303-F7E7-4CA7-98D2-DC8CA260C53A}.Release|ARM.Deploy.0 = Release|ARM
		{90F98303-F7E7-4CA7-98D2-DC8CA260C53A}.Release|iPhone.ActiveCfg = Release|x86
		{90F98303-F7E7-4CA7-98D2-DC8CA260C53A}.Release|iPhone.Build.0 = Release|x86
		{90F98303-F7E7-4CA7-98D2-DC8CA260C53A}.Release|iPhone.Deploy.0 = Release|x86
		{90F98303-F7E7-4CA7-98D2-DC8CA260C53A}.Release|iPhoneSimulator.ActiveCfg = Release|x86
		{90F98303-F7E7-4CA7-98D2-DC8CA260C53A}.Release|iPhoneSimulator.Build.0 = Release|x86
		{90F98303-F7E7-4CA7-98D2-DC8CA260C53A}.Release|iPhoneSimulator.Deploy.0 = Release|x86
		{90F98303-F7E7-4CA7-98D2-DC8CA260C53A}.Release|x64.ActiveCfg = Release|x64
		{90F98303-F7E7-4CA7-98D2-DC8CA260C53A}.Release|x64.Build.0 = Release|x64
		{90F98303-F7E7-4CA7-98D2-DC8CA260C53A}.Release|x64.Deploy.0 = Release|x64
		{90F98303-F7E7-4CA7-98D2-DC8CA260C53A}.Release|x86.ActiveCfg = Release|x86
		{90F98303-F7E7-4CA7-98D2-DC8CA260C53A}.Release|x86.Build.0 = Release|x86
		{90F98303-F7E7-4CA7-98D2-DC8CA260C53A}.Release|x86.Deploy.0 = Release|x86
		{D3FAA292-E6CA-4C67-9B09-916D5DA7C65E}.Debug|Any CPU.ActiveCfg = Debug|Any CPU
		{D3FAA292-E6CA-4C67-9B09-916D5DA7C65E}.Debug|Any CPU.Build.0 = Debug|Any CPU
		{D3FAA292-E6CA-4C67-9B09-916D5DA7C65E}.Debug|ARM.ActiveCfg = Debug|Any CPU
		{D3FAA292-E6CA-4C67-9B09-916D5DA7C65E}.Debug|ARM.Build.0 = Debug|Any CPU
		{D3FAA292-E6CA-4C67-9B09-916D5DA7C65E}.Debug|iPhone.ActiveCfg = Debug|Any CPU
		{D3FAA292-E6CA-4C67-9B09-916D5DA7C65E}.Debug|iPhone.Build.0 = Debug|Any CPU
		{D3FAA292-E6CA-4C67-9B09-916D5DA7C65E}.Debug|iPhoneSimulator.ActiveCfg = Debug|Any CPU
		{D3FAA292-E6CA-4C67-9B09-916D5DA7C65E}.Debug|iPhoneSimulator.Build.0 = Debug|Any CPU
		{D3FAA292-E6CA-4C67-9B09-916D5DA7C65E}.Debug|x64.ActiveCfg = Debug|Any CPU
		{D3FAA292-E6CA-4C67-9B09-916D5DA7C65E}.Debug|x64.Build.0 = Debug|Any CPU
		{D3FAA292-E6CA-4C67-9B09-916D5DA7C65E}.Debug|x86.ActiveCfg = Debug|Any CPU
		{D3FAA292-E6CA-4C67-9B09-916D5DA7C65E}.Debug|x86.Build.0 = Debug|Any CPU
		{D3FAA292-E6CA-4C67-9B09-916D5DA7C65E}.Release|Any CPU.ActiveCfg = Release|Any CPU
		{D3FAA292-E6CA-4C67-9B09-916D5DA7C65E}.Release|Any CPU.Build.0 = Release|Any CPU
		{D3FAA292-E6CA-4C67-9B09-916D5DA7C65E}.Release|ARM.ActiveCfg = Release|Any CPU
		{D3FAA292-E6CA-4C67-9B09-916D5DA7C65E}.Release|ARM.Build.0 = Release|Any CPU
		{D3FAA292-E6CA-4C67-9B09-916D5DA7C65E}.Release|iPhone.ActiveCfg = Release|Any CPU
		{D3FAA292-E6CA-4C67-9B09-916D5DA7C65E}.Release|iPhone.Build.0 = Release|Any CPU
		{D3FAA292-E6CA-4C67-9B09-916D5DA7C65E}.Release|iPhoneSimulator.ActiveCfg = Release|Any CPU
		{D3FAA292-E6CA-4C67-9B09-916D5DA7C65E}.Release|iPhoneSimulator.Build.0 = Release|Any CPU
		{D3FAA292-E6CA-4C67-9B09-916D5DA7C65E}.Release|x64.ActiveCfg = Release|Any CPU
		{D3FAA292-E6CA-4C67-9B09-916D5DA7C65E}.Release|x64.Build.0 = Release|Any CPU
		{D3FAA292-E6CA-4C67-9B09-916D5DA7C65E}.Release|x86.ActiveCfg = Release|Any CPU
		{D3FAA292-E6CA-4C67-9B09-916D5DA7C65E}.Release|x86.Build.0 = Release|Any CPU
		{545F1208-CA09-4D2E-8798-CB5B11FBD057}.Debug|Any CPU.ActiveCfg = Debug|Any CPU
		{545F1208-CA09-4D2E-8798-CB5B11FBD057}.Debug|Any CPU.Build.0 = Debug|Any CPU
		{545F1208-CA09-4D2E-8798-CB5B11FBD057}.Debug|ARM.ActiveCfg = Debug|Any CPU
		{545F1208-CA09-4D2E-8798-CB5B11FBD057}.Debug|ARM.Build.0 = Debug|Any CPU
		{545F1208-CA09-4D2E-8798-CB5B11FBD057}.Debug|iPhone.ActiveCfg = Debug|Any CPU
		{545F1208-CA09-4D2E-8798-CB5B11FBD057}.Debug|iPhone.Build.0 = Debug|Any CPU
		{545F1208-CA09-4D2E-8798-CB5B11FBD057}.Debug|iPhoneSimulator.ActiveCfg = Debug|Any CPU
		{545F1208-CA09-4D2E-8798-CB5B11FBD057}.Debug|iPhoneSimulator.Build.0 = Debug|Any CPU
		{545F1208-CA09-4D2E-8798-CB5B11FBD057}.Debug|x64.ActiveCfg = Debug|Any CPU
		{545F1208-CA09-4D2E-8798-CB5B11FBD057}.Debug|x64.Build.0 = Debug|Any CPU
		{545F1208-CA09-4D2E-8798-CB5B11FBD057}.Debug|x86.ActiveCfg = Debug|Any CPU
		{545F1208-CA09-4D2E-8798-CB5B11FBD057}.Debug|x86.Build.0 = Debug|Any CPU
		{545F1208-CA09-4D2E-8798-CB5B11FBD057}.Release|Any CPU.ActiveCfg = Release|Any CPU
		{545F1208-CA09-4D2E-8798-CB5B11FBD057}.Release|Any CPU.Build.0 = Release|Any CPU
		{545F1208-CA09-4D2E-8798-CB5B11FBD057}.Release|ARM.ActiveCfg = Release|Any CPU
		{545F1208-CA09-4D2E-8798-CB5B11FBD057}.Release|ARM.Build.0 = Release|Any CPU
		{545F1208-CA09-4D2E-8798-CB5B11FBD057}.Release|iPhone.ActiveCfg = Release|Any CPU
		{545F1208-CA09-4D2E-8798-CB5B11FBD057}.Release|iPhone.Build.0 = Release|Any CPU
		{545F1208-CA09-4D2E-8798-CB5B11FBD057}.Release|iPhoneSimulator.ActiveCfg = Release|Any CPU
		{545F1208-CA09-4D2E-8798-CB5B11FBD057}.Release|iPhoneSimulator.Build.0 = Release|Any CPU
		{545F1208-CA09-4D2E-8798-CB5B11FBD057}.Release|x64.ActiveCfg = Release|Any CPU
		{545F1208-CA09-4D2E-8798-CB5B11FBD057}.Release|x64.Build.0 = Release|Any CPU
		{545F1208-CA09-4D2E-8798-CB5B11FBD057}.Release|x86.ActiveCfg = Release|Any CPU
		{545F1208-CA09-4D2E-8798-CB5B11FBD057}.Release|x86.Build.0 = Release|Any CPU
	EndGlobalSection
	GlobalSection(SolutionProperties) = preSolution
		HideSolutionNode = FALSE
	EndGlobalSection
	GlobalSection(ExtensibilityGlobals) = postSolution
		SolutionGuid = {9A108840-33D2-420A-9CB2-E5A6159EEDFA}
	EndGlobalSection
EndGlobal
